
Microsoft Visual Studio Solution File, Format Version 12.00
# Visual Studio Version 16
VisualStudioVersion = 16.0.30503.244
MinimumVisualStudioVersion = 10.0.40219.1
Project("{FAE04EC0-301F-11D3-BF4B-00C04F79EFBC}") = "ScriptXJSTest", "ScriptXJSTest\ScriptXJSTest.csproj", "{2356B209-2432-42FD-AD6F-3E5FD5D20B05}"
EndProject
Project("{2150E333-8FDC-42A3-9474-1A3956D46DE8}") = "Documentation", "Documentation", "{A0446394-5620-4E6A-BE83-051BCDAAB03A}"
	ProjectSection(SolutionItems) = preProject
		LICENSE = LICENSE
		README.md = README.md
	EndProjectSection
EndProject
Project("{2150E333-8FDC-42A3-9474-1A3956D46DE8}") = "src", "src", "{808509DA-3D69-472E-8EEA-770605729882}"
	ProjectSection(SolutionItems) = preProject
		src\meadco-scriptx.js = src\meadco-scriptx.js
	EndProjectSection
EndProject
Project("{2150E333-8FDC-42A3-9474-1A3956D46DE8}") = "Build", "Build", "{CF90F4C4-EDCC-4BED-9941-363A1A428348}"
	ProjectSection(SolutionItems) = preProject
		build\distbundlesconfig.json = build\distbundlesconfig.json
		gulpfile.js = gulpfile.js
		build\jsdoc.json = build\jsdoc.json
		build\MeadScriptXJS.nuspec = build\MeadScriptXJS.nuspec
		package.json = package.json
	EndProjectSection
EndProject
Project("{2150E333-8FDC-42A3-9474-1A3956D46DE8}") = "dist", "dist", "{D59EEC98-6719-494F-928E-EDEB96ECF4DE}"
	ProjectSection(SolutionItems) = preProject
		dist\meadco-scriptx.min.js = dist\meadco-scriptx.min.js
	EndProjectSection
EndProject
Project("{2150E333-8FDC-42A3-9474-1A3956D46DE8}") = "docs-src", "docs-src", "{3508093D-5FD0-475F-BA57-EDEBC51D566C}"
	ProjectSection(SolutionItems) = preProject
		docs-src\readme.md = docs-src\readme.md
	EndProjectSection
EndProject
Project("{2150E333-8FDC-42A3-9474-1A3956D46DE8}") = "tutorials", "tutorials", "{AC96F31A-E34D-4556-8DFB-9438D68AFC30}"
EndProject
Project("{2150E333-8FDC-42A3-9474-1A3956D46DE8}") = "tooling", "tooling", "{1B2F1248-CA42-4CA8-9334-6DBA9F237EA6}"
EndProject
Project("{2150E333-8FDC-42A3-9474-1A3956D46DE8}") = "docs", "docs", "{B20EEC00-1C08-4BCC-A5A3-194EF9B499A6}"
EndProject
Global
	GlobalSection(SolutionConfigurationPlatforms) = preSolution
		Debug|Any CPU = Debug|Any CPU
		Release|Any CPU = Release|Any CPU
	EndGlobalSection
	GlobalSection(ProjectConfigurationPlatforms) = postSolution
		{2356B209-2432-42FD-AD6F-3E5FD5D20B05}.Debug|Any CPU.ActiveCfg = Debug|Any CPU
		{2356B209-2432-42FD-AD6F-3E5FD5D20B05}.Debug|Any CPU.Build.0 = Debug|Any CPU
		{2356B209-2432-42FD-AD6F-3E5FD5D20B05}.Release|Any CPU.ActiveCfg = Release|Any CPU
		{2356B209-2432-42FD-AD6F-3E5FD5D20B05}.Release|Any CPU.Build.0 = Release|Any CPU
	EndGlobalSection
	GlobalSection(SolutionProperties) = preSolution
		HideSolutionNode = FALSE
	EndGlobalSection
	GlobalSection(NestedProjects) = preSolution
		{3508093D-5FD0-475F-BA57-EDEBC51D566C} = {A0446394-5620-4E6A-BE83-051BCDAAB03A}
		{AC96F31A-E34D-4556-8DFB-9438D68AFC30} = {3508093D-5FD0-475F-BA57-EDEBC51D566C}
		{1B2F1248-CA42-4CA8-9334-6DBA9F237EA6} = {A0446394-5620-4E6A-BE83-051BCDAAB03A}
		{B20EEC00-1C08-4BCC-A5A3-194EF9B499A6} = {1B2F1248-CA42-4CA8-9334-6DBA9F237EA6}
	EndGlobalSection
	GlobalSection(ExtensibilityGlobals) = postSolution
		SolutionGuid = {521C7E23-A640-47B7-81A6-CA6FEA69B042}
	EndGlobalSection
EndGlobal
