
Microsoft Visual Studio Solution File, Format Version 12.00
# Visual Studio 15
VisualStudioVersion = 15.0.28307.489
MinimumVisualStudioVersion = 10.0.40219.1
Project("{FAE04EC0-301F-11D3-BF4B-00C04F79EFBC}") = "ScriptXJSTest", "ScriptXJSTest\ScriptXJSTest.csproj", "{2356B209-2432-42FD-AD6F-3E5FD5D20B05}"
EndProject
Project("{2150E333-8FDC-42A3-9474-1A3956D46DE8}") = "Docs", "Docs", "{A0446394-5620-4E6A-BE83-051BCDAAB03A}"
	ProjectSection(SolutionItems) = preProject
		README.md = README.md
	EndProjectSection
EndProject
Project("{2150E333-8FDC-42A3-9474-1A3956D46DE8}") = "Packaging", "Packaging", "{B96BAD4D-D2BC-4C44-8C69-94424E0BFB87}"
	ProjectSection(SolutionItems) = preProject
		bower.json = bower.json
		nuget\MeadScriptXJS.nuspec = nuget\MeadScriptXJS.nuspec
		package.json = package.json
	EndProjectSection
EndProject
Project("{2150E333-8FDC-42A3-9474-1A3956D46DE8}") = "src", "src", "{808509DA-3D69-472E-8EEA-770605729882}"
	ProjectSection(SolutionItems) = preProject
		src\meadco-scriptx.js = src\meadco-scriptx.js
	EndProjectSection
EndProject
Project("{2150E333-8FDC-42A3-9474-1A3956D46DE8}") = "git", "git", "{82416DBC-2138-4691-A844-A70762D742D4}"
	ProjectSection(SolutionItems) = preProject
		.gitignore = .gitignore
	EndProjectSection
EndProject
Project("{2150E333-8FDC-42A3-9474-1A3956D46DE8}") = "Build", "Build", "{CF90F4C4-EDCC-4BED-9941-363A1A428348}"
	ProjectSection(SolutionItems) = preProject
		distbundlesconfig.json = distbundlesconfig.json
		gulpfile.js = gulpfile.js
	EndProjectSection
EndProject
Project("{2150E333-8FDC-42A3-9474-1A3956D46DE8}") = "dist", "dist", "{D59EEC98-6719-494F-928E-EDEB96ECF4DE}"
	ProjectSection(SolutionItems) = preProject
		dist\meadco-scriptx.min.js = dist\meadco-scriptx.min.js
	EndProjectSection
EndProject
Global
	GlobalSection(SolutionConfigurationPlatforms) = preSolution
		Debug|Any CPU = Debug|Any CPU
		Release|Any CPU = Release|Any CPU
	EndGlobalSection
	GlobalSection(ProjectConfigurationPlatforms) = postSolution
		{2356B209-2432-42FD-AD6F-3E5FD5D20B05}.Debug|Any CPU.ActiveCfg = Debug|Any CPU
		{2356B209-2432-42FD-AD6F-3E5FD5D20B05}.Debug|Any CPU.Build.0 = Debug|Any CPU
		{2356B209-2432-42FD-AD6F-3E5FD5D20B05}.Release|Any CPU.ActiveCfg = Release|Any CPU
		{2356B209-2432-42FD-AD6F-3E5FD5D20B05}.Release|Any CPU.Build.0 = Release|Any CPU
	EndGlobalSection
	GlobalSection(SolutionProperties) = preSolution
		HideSolutionNode = FALSE
	EndGlobalSection
	GlobalSection(ExtensibilityGlobals) = postSolution
		SolutionGuid = {521C7E23-A640-47B7-81A6-CA6FEA69B042}
	EndGlobalSection
EndGlobal
